// !$*UTF8*$!
{
	archiveVersion = 1;
	classes = {
	};
	objectVersion = 46;
	objects = {

/* Begin PBXBuildFile section */
		FA24E93A1DE1B34B00340992 /* AppDelegate.swift in Sources */ = {isa = PBXBuildFile; fileRef = FA24E9391DE1B34B00340992 /* AppDelegate.swift */; };
		FA24E93C1DE1B34B00340992 /* ViewController.swift in Sources */ = {isa = PBXBuildFile; fileRef = FA24E93B1DE1B34B00340992 /* ViewController.swift */; };
		FA24E93F1DE1B34B00340992 /* Main.storyboard in Resources */ = {isa = PBXBuildFile; fileRef = FA24E93D1DE1B34B00340992 /* Main.storyboard */; };
		FA24E9411DE1B34B00340992 /* Assets.xcassets in Resources */ = {isa = PBXBuildFile; fileRef = FA24E9401DE1B34B00340992 /* Assets.xcassets */; };
		FA24E9441DE1B34B00340992 /* LaunchScreen.storyboard in Resources */ = {isa = PBXBuildFile; fileRef = FA24E9421DE1B34B00340992 /* LaunchScreen.storyboard */; };
/* End PBXBuildFile section */

/* Begin PBXFileReference section */
		FA24E9361DE1B34B00340992 /* ECDSACryptoSwift.app */ = {isa = PBXFileReference; explicitFileType = wrapper.application; includeInIndex = 0; path = ECDSACryptoSwift.app; sourceTree = BUILT_PRODUCTS_DIR; };
		FA24E9391DE1B34B00340992 /* AppDelegate.swift */ = {isa = PBXFileReference; lastKnownFileType = sourcecode.swift; path = AppDelegate.swift; sourceTree = "<group>"; };
		FA24E93B1DE1B34B00340992 /* ViewController.swift */ = {isa = PBXFileReference; lastKnownFileType = sourcecode.swift; path = ViewController.swift; sourceTree = "<group>"; };
		FA24E93E1DE1B34B00340992 /* Base */ = {isa = PBXFileReference; lastKnownFileType = file.storyboard; name = Base; path = Base.lproj/Main.storyboard; sourceTree = "<group>"; };
		FA24E9401DE1B34B00340992 /* Assets.xcassets */ = {isa = PBXFileReference; lastKnownFileType = folder.assetcatalog; path = Assets.xcassets; sourceTree = "<group>"; };
		FA24E9431DE1B34B00340992 /* Base */ = {isa = PBXFileReference; lastKnownFileType = file.storyboard; name = Base; path = Base.lproj/LaunchScreen.storyboard; sourceTree = "<group>"; };
		FA24E9451DE1B34B00340992 /* Info.plist */ = {isa = PBXFileReference; lastKnownFileType = text.plist.xml; path = Info.plist; sourceTree = "<group>"; };
/* End PBXFileReference section */

/* Begin PBXFrameworksBuildPhase section */
		FA24E9331DE1B34B00340992 /* Frameworks */ = {
			isa = PBXFrameworksBuildPhase;
			buildActionMask = 2147483647;
			files = (
			);
			runOnlyForDeploymentPostprocessing = 0;
		};
/* End PBXFrameworksBuildPhase section */

/* Begin PBXGroup section */
		FA24E92D1DE1B34B00340992 = {
			isa = PBXGroup;
			children = (
				FA24E9381DE1B34B00340992 /* ECDSACryptoSwift */,
				FA24E9371DE1B34B00340992 /* Products */,
			);
			sourceTree = "<group>";
		};
		FA24E9371DE1B34B00340992 /* Products */ = {
			isa = PBXGroup;
			children = (
				FA24E9361DE1B34B00340992 /* ECDSACryptoSwift.app */,
			);
			name = Products;
			sourceTree = "<group>";
		};
		FA24E9381DE1B34B00340992 /* ECDSACryptoSwift */ = {
			isa = PBXGroup;
			children = (
				FA24E9391DE1B34B00340992 /* AppDelegate.swift */,
				FA24E93B1DE1B34B00340992 /* ViewController.swift */,
				FA24E93D1DE1B34B00340992 /* Main.storyboard */,
				FA24E9401DE1B34B00340992 /* Assets.xcassets */,
				FA24E9421DE1B34B00340992 /* LaunchScreen.storyboard */,
				FA24E9451DE1B34B00340992 /* Info.plist */,
			);
			path = ECDSACryptoSwift;
			sourceTree = "<group>";
		};
/* End PBXGroup section */

/* Begin PBXNativeTarget section */
		FA24E9351DE1B34B00340992 /* ECDSACryptoSwift */ = {
			isa = PBXNativeTarget;
			buildConfigurationList = FA24E9481DE1B34B00340992 /* Build configuration list for PBXNativeTarget "ECDSACryptoSwift" */;
			buildPhases = (
				FA24E9321DE1B34B00340992 /* Sources */,
				FA24E9331DE1B34B00340992 /* Frameworks */,
				FA24E9341DE1B34B00340992 /* Resources */,
			);
			buildRules = (
			);
			dependencies = (
			);
			name = ECDSACryptoSwift;
			productName = ECDSACryptoSwift;
			productReference = FA24E9361DE1B34B00340992 /* ECDSACryptoSwift.app */;
			productType = "com.apple.product-type.application";
		};
/* End PBXNativeTarget section */

/* Begin PBXProject section */
		FA24E92E1DE1B34B00340992 /* Project object */ = {
			isa = PBXProject;
			attributes = {
				LastSwiftUpdateCheck = 0810;
				LastUpgradeCheck = 0810;
				ORGANIZATIONNAME = "Zel Marko";
				TargetAttributes = {
					FA24E9351DE1B34B00340992 = {
						CreatedOnToolsVersion = 8.1;
						DevelopmentTeam = 96HG6E2WJ6;
						ProvisioningStyle = Automatic;
					};
				};
			};
			buildConfigurationList = FA24E9311DE1B34B00340992 /* Build configuration list for PBXProject "ECDSACryptoSwift" */;
			compatibilityVersion = "Xcode 3.2";
			developmentRegion = English;
			hasScannedForEncodings = 0;
			knownRegions = (
				en,
				Base,
			);
			mainGroup = FA24E92D1DE1B34B00340992;
			productRefGroup = FA24E9371DE1B34B00340992 /* Products */;
			projectDirPath = "";
			projectRoot = "";
			targets = (
				FA24E9351DE1B34B00340992 /* ECDSACryptoSwift */,
			);
		};
/* End PBXProject section */

/* Begin PBXResourcesBuildPhase section */
		FA24E9341DE1B34B00340992 /* Resources */ = {
			isa = PBXResourcesBuildPhase;
			buildActionMask = 2147483647;
			files = (
				FA24E9441DE1B34B00340992 /* LaunchScreen.storyboard in Resources */,
				FA24E9411DE1B34B00340992 /* Assets.xcassets in Resources */,
				FA24E93F1DE1B34B00340992 /* Main.storyboard in Resources */,
			);
			runOnlyForDeploymentPostprocessing = 0;
		};
/* End PBXResourcesBuildPhase section */

/* Begin PBXSourcesBuildPhase section */
		FA24E9321DE1B34B00340992 /* Sources */ = {
			isa = PBXSourcesBuildPhase;
			buildActionMask = 2147483647;
			files = (
				FA24E93C1DE1B34B00340992 /* ViewController.swift in Sources */,
				FA24E93A1DE1B34B00340992 /* AppDelegate.swift in Sources */,
			);
			runOnlyForDeploymentPostprocessing = 0;
		};
/* End PBXSourcesBuildPhase section */

/* Begin PBXVariantGroup section */
		FA24E93D1DE1B34B00340992 /* Main.storyboard */ = {
			isa = PBXVariantGroup;
			children = (
				FA24E93E1DE1B34B00340992 /* Base */,
			);
			name = Main.storyboard;
			sourceTree = "<group>";
		};
		FA24E9421DE1B34B00340992 /* LaunchScreen.storyboard */ = {
			isa = PBXVariantGroup;
			children = (
				FA24E9431DE1B34B00340992 /* Base */,
			);
			name = LaunchScreen.storyboard;
			sourceTree = "<group>";
		};
/* End PBXVariantGroup section */

/* Begin XCBuildConfiguration section */
		FA24E9461DE1B34B00340992 /* Debug */ = {
			isa = XCBuildConfiguration;
			buildSettings = {
				ALWAYS_SEARCH_USER_PATHS = NO;
				CLANG_ANALYZER_NONNULL = YES;
				CLANG_CXX_LANGUAGE_STANDARD = "gnu++0x";
				CLANG_CXX_LIBRARY = "libc++";
				CLANG_ENABLE_MODULES = YES;
				CLANG_ENABLE_OBJC_ARC = YES;
				CLANG_WARN_BOOL_CONVERSION = YES;
				CLANG_WARN_CONSTANT_CONVERSION = YES;
				CLANG_WARN_DIRECT_OBJC_ISA_USAGE = YES_ERROR;
				CLANG_WARN_DOCUMENTATION_COMMENTS = YES;
				CLANG_WARN_EMPTY_BODY = YES;
				CLANG_WARN_ENUM_CONVERSION = YES;
				CLANG_WARN_INFINITE_RECURSION = YES;
				CLANG_WARN_INT_CONVERSION = YES;
				CLANG_WARN_OBJC_ROOT_CLASS = YES_ERROR;
				CLANG_WARN_SUSPICIOUS_MOVES = YES;
				CLANG_WARN_UNREACHABLE_CODE = YES;
				CLANG_WARN__DUPLICATE_METHOD_MATCH = YES;
				"CODE_SIGN_IDENTITY[sdk=iphoneos*]" = "iPhone Developer";
				COPY_PHASE_STRIP = NO;
				DEBUG_INFORMATION_FORMAT = dwarf;
				ENABLE_STRICT_OBJC_MSGSEND = YES;
				ENABLE_TESTABILITY = YES;
				GCC_C_LANGUAGE_STANDARD = gnu99;
				GCC_DYNAMIC_NO_PIC = NO;
				GCC_NO_COMMON_BLOCKS = YES;
				GCC_OPTIMIZATION_LEVEL = 0;
				GCC_PREPROCESSOR_DEFINITIONS = (
					"DEBUG=1",
					"$(inherited)",
				);
				GCC_WARN_64_TO_32_BIT_CONVERSION = YES;
				GCC_WARN_ABOUT_RETURN_TYPE = YES_ERROR;
				GCC_WARN_UNDECLARED_SELECTOR = YES;
				GCC_WARN_UNINITIALIZED_AUTOS = YES_AGGRESSIVE;
				GCC_WARN_UNUSED_FUNCTION = YES;
				GCC_WARN_UNUSED_VARIABLE = YES;
				IPHONEOS_DEPLOYMENT_TARGET = 10.1;
				MTL_ENABLE_DEBUG_INFO = YES;
				ONLY_ACTIVE_ARCH = YES;
				SDKROOT = iphoneos;
				SWIFT_ACTIVE_COMPILATION_CONDITIONS = DEBUG;
				SWIFT_OPTIMIZATION_LEVEL = "-Onone";
			};
			name = Debug;
		};
		FA24E9471DE1B34B00340992 /* Release */ = {
			isa = XCBuildConfiguration;
			buildSettings = {
				ALWAYS_SEARCH_USER_PATHS = NO;
				CLANG_ANALYZER_NONNULL = YES;
				CLANG_CXX_LANGUAGE_STANDARD = "gnu++0x";
				CLANG_CXX_LIBRARY = "libc++";
				CLANG_ENABLE_MODULES = YES;
				CLANG_ENABLE_OBJC_ARC = YES;
				CLANG_WARN_BOOL_CONVERSION = YES;
				CLANG_WARN_CONSTANT_CONVERSION = YES;
				CLANG_WARN_DIRECT_OBJC_ISA_USAGE = YES_ERROR;
				CLANG_WARN_DOCUMENTATION_COMMENTS = YES;
				CLANG_WARN_EMPTY_BODY = YES;
				CLANG_WARN_ENUM_CONVERSION = YES;
				CLANG_WARN_INFINITE_RECURSION = YES;
				CLANG_WARN_INT_CONVERSION = YES;
				CLANG_WARN_OBJC_ROOT_CLASS = YES_ERROR;
				CLANG_WARN_SUSPICIOUS_MOVES = YES;
				CLANG_WARN_UNREACHABLE_CODE = YES;
				CLANG_WARN__DUPLICATE_METHOD_MATCH = YES;
				"CODE_SIGN_IDENTITY[sdk=iphoneos*]" = "iPhone Developer";
				COPY_PHASE_STRIP = NO;
				DEBUG_INFORMATION_FORMAT = "dwarf-with-dsym";
				ENABLE_NS_ASSERTIONS = NO;
				ENABLE_STRICT_OBJC_MSGSEND = YES;
				GCC_C_LANGUAGE_STANDARD = gnu99;
				GCC_NO_COMMON_BLOCKS = YES;
				GCC_WARN_64_TO_32_BIT_CONVERSION = YES;
				GCC_WARN_ABOUT_RETURN_TYPE = YES_ERROR;
				GCC_WARN_UNDECLARED_SELECTOR = YES;
				GCC_WARN_UNINITIALIZED_AUTOS = YES_AGGRESSIVE;
				GCC_WARN_UNUSED_FUNCTION = YES;
				GCC_WARN_UNUSED_VARIABLE = YES;
				IPHONEOS_DEPLOYMENT_TARGET = 10.1;
				MTL_ENABLE_DEBUG_INFO = NO;
				SDKROOT = iphoneos;
				SWIFT_OPTIMIZATION_LEVEL = "-Owholemodule";
				VALIDATE_PRODUCT = YES;
			};
			name = Release;
		};
		FA24E9491DE1B34B00340992 /* Debug */ = {
			isa = XCBuildConfiguration;
			buildSettings = {
				ASSETCATALOG_COMPILER_APPICON_NAME = AppIcon;
				DEVELOPMENT_TEAM = 96HG6E2WJ6;
				INFOPLIST_FILE = ECDSACryptoSwift/Info.plist;
				LD_RUNPATH_SEARCH_PATHS = "$(inherited) @executable_path/Frameworks";
				PRODUCT_BUNDLE_IDENTIFIER = com.zzzel.ECDSACryptoSwift;
				PRODUCT_NAME = "$(TARGET_NAME)";
				SWIFT_VERSION = 3.0;
			};
			name = Debug;
		};
		FA24E94A1DE1B34B00340992 /* Release */ = {
			isa = XCBuildConfiguration;
			buildSettings = {
				ASSETCATALOG_COMPILER_APPICON_NAME = AppIcon;
				DEVELOPMENT_TEAM = 96HG6E2WJ6;
				INFOPLIST_FILE = ECDSACryptoSwift/Info.plist;
				LD_RUNPATH_SEARCH_PATHS = "$(inherited) @executable_path/Frameworks";
				PRODUCT_BUNDLE_IDENTIFIER = com.zzzel.ECDSACryptoSwift;
				PRODUCT_NAME = "$(TARGET_NAME)";
				SWIFT_VERSION = 3.0;
			};
			name = Release;
		};
/* End XCBuildConfiguration section */

/* Begin XCConfigurationList section */
		FA24E9311DE1B34B00340992 /* Build configuration list for PBXProject "ECDSACryptoSwift" */ = {
			isa = XCConfigurationList;
			buildConfigurations = (
				FA24E9461DE1B34B00340992 /* Debug */,
				FA24E9471DE1B34B00340992 /* Release */,
			);
			defaultConfigurationIsVisible = 0;
			defaultConfigurationName = Release;
		};
		FA24E9481DE1B34B00340992 /* Build configuration list for PBXNativeTarget "ECDSACryptoSwift" */ = {
			isa = XCConfigurationList;
			buildConfigurations = (
				FA24E9491DE1B34B00340992 /* Debug */,
				FA24E94A1DE1B34B00340992 /* Release */,
			);
			defaultConfigurationIsVisible = 0;
		};
/* End XCConfigurationList section */
	};
	rootObject = FA24E92E1DE1B34B00340992 /* Project object */;
}
